// !$*UTF8*$!
{
	archiveVersion = 1;
	classes = {
	};
	objectVersion = 56;
	objects = {

/* Begin PBXBuildFile section */
		1A040FE429A1134400CF816C /* PleiadesApp.swift in Sources */ = {isa = PBXBuildFile; fileRef = 1A040FE329A1134400CF816C /* PleiadesApp.swift */; };
		1A040FE629A1134400CF816C /* ContentView.swift in Sources */ = {isa = PBXBuildFile; fileRef = 1A040FE529A1134400CF816C /* ContentView.swift */; };
		1A040FE829A1134500CF816C /* Assets.xcassets in Resources */ = {isa = PBXBuildFile; fileRef = 1A040FE729A1134500CF816C /* Assets.xcassets */; };
		1A040FEC29A1134500CF816C /* Preview Assets.xcassets in Resources */ = {isa = PBXBuildFile; fileRef = 1A040FEB29A1134500CF816C /* Preview Assets.xcassets */; };
		1A040FF429A1151200CF816C /* Constants.swift in Sources */ = {isa = PBXBuildFile; fileRef = 1A040FF329A1151200CF816C /* Constants.swift */; };
		1A040FF629A11FD000CF816C /* Authentication.swift in Sources */ = {isa = PBXBuildFile; fileRef = 1A040FF529A11FD000CF816C /* Authentication.swift */; };
		1A040FF929A1308B00CF816C /* Alamofire in Frameworks */ = {isa = PBXBuildFile; productRef = 1A040FF829A1308B00CF816C /* Alamofire */; };
		1ACE4B2D29AC283700CB004E /* Vehicles.swift in Sources */ = {isa = PBXBuildFile; fileRef = 1ACE4B2C29AC283700CB004E /* Vehicles.swift */; };
		1ACE4B2F29AC457000CB004E /* VehicleListView.swift in Sources */ = {isa = PBXBuildFile; fileRef = 1ACE4B2E29AC457000CB004E /* VehicleListView.swift */; };
		1ACE4B3129AC4D6F00CB004E /* VehicleDetailView.swift in Sources */ = {isa = PBXBuildFile; fileRef = 1ACE4B3029AC4D6F00CB004E /* VehicleDetailView.swift */; };
		1AE12E0429AB046B0040E16C /* LoginView.swift in Sources */ = {isa = PBXBuildFile; fileRef = 1AE12E0329AB046B0040E16C /* LoginView.swift */; };
		1AE12E0629AB04B80040E16C /* RegionSelectView.swift in Sources */ = {isa = PBXBuildFile; fileRef = 1AE12E0529AB04B80040E16C /* RegionSelectView.swift */; };
		1AE12E0829AB05140040E16C /* TopLevelErrorView.swift in Sources */ = {isa = PBXBuildFile; fileRef = 1AE12E0729AB05140040E16C /* TopLevelErrorView.swift */; };
		1AE12E0A29ABC0EA0040E16C /* TwoFactorView.swift in Sources */ = {isa = PBXBuildFile; fileRef = 1AE12E0929ABC0EA0040E16C /* TwoFactorView.swift */; };
/* End PBXBuildFile section */

/* Begin PBXFileReference section */
		1A040FE029A1134400CF816C /* Pleiades.app */ = {isa = PBXFileReference; explicitFileType = wrapper.application; includeInIndex = 0; path = Pleiades.app; sourceTree = BUILT_PRODUCTS_DIR; };
		1A040FE329A1134400CF816C /* PleiadesApp.swift */ = {isa = PBXFileReference; lastKnownFileType = sourcecode.swift; path = PleiadesApp.swift; sourceTree = "<group>"; };
		1A040FE529A1134400CF816C /* ContentView.swift */ = {isa = PBXFileReference; lastKnownFileType = sourcecode.swift; path = ContentView.swift; sourceTree = "<group>"; };
		1A040FE729A1134500CF816C /* Assets.xcassets */ = {isa = PBXFileReference; lastKnownFileType = folder.assetcatalog; path = Assets.xcassets; sourceTree = "<group>"; };
		1A040FE929A1134500CF816C /* Pleiades.entitlements */ = {isa = PBXFileReference; lastKnownFileType = text.plist.entitlements; path = Pleiades.entitlements; sourceTree = "<group>"; };
		1A040FEB29A1134500CF816C /* Preview Assets.xcassets */ = {isa = PBXFileReference; lastKnownFileType = folder.assetcatalog; path = "Preview Assets.xcassets"; sourceTree = "<group>"; };
		1A040FF329A1151200CF816C /* Constants.swift */ = {isa = PBXFileReference; lastKnownFileType = sourcecode.swift; path = Constants.swift; sourceTree = "<group>"; };
		1A040FF529A11FD000CF816C /* Authentication.swift */ = {isa = PBXFileReference; lastKnownFileType = sourcecode.swift; path = Authentication.swift; sourceTree = "<group>"; };
		1ACE4B2C29AC283700CB004E /* Vehicles.swift */ = {isa = PBXFileReference; lastKnownFileType = sourcecode.swift; path = Vehicles.swift; sourceTree = "<group>"; };
		1ACE4B2E29AC457000CB004E /* VehicleListView.swift */ = {isa = PBXFileReference; lastKnownFileType = sourcecode.swift; path = VehicleListView.swift; sourceTree = "<group>"; };
		1ACE4B3029AC4D6F00CB004E /* VehicleDetailView.swift */ = {isa = PBXFileReference; lastKnownFileType = sourcecode.swift; path = VehicleDetailView.swift; sourceTree = "<group>"; };
		1ACE4B3329AC59CC00CB004E /* MapKit.framework */ = {isa = PBXFileReference; lastKnownFileType = wrapper.framework; name = MapKit.framework; path = Platforms/iPhoneOS.platform/Developer/SDKs/iPhoneOS16.2.sdk/System/Library/Frameworks/MapKit.framework; sourceTree = DEVELOPER_DIR; };
		1AE12E0329AB046B0040E16C /* LoginView.swift */ = {isa = PBXFileReference; lastKnownFileType = sourcecode.swift; path = LoginView.swift; sourceTree = "<group>"; };
		1AE12E0529AB04B80040E16C /* RegionSelectView.swift */ = {isa = PBXFileReference; lastKnownFileType = sourcecode.swift; path = RegionSelectView.swift; sourceTree = "<group>"; };
		1AE12E0729AB05140040E16C /* TopLevelErrorView.swift */ = {isa = PBXFileReference; lastKnownFileType = sourcecode.swift; path = TopLevelErrorView.swift; sourceTree = "<group>"; };
		1AE12E0929ABC0EA0040E16C /* TwoFactorView.swift */ = {isa = PBXFileReference; lastKnownFileType = sourcecode.swift; path = TwoFactorView.swift; sourceTree = "<group>"; };
/* End PBXFileReference section */

/* Begin PBXFrameworksBuildPhase section */
		1A040FDD29A1134400CF816C /* Frameworks */ = {
			isa = PBXFrameworksBuildPhase;
			buildActionMask = 2147483647;
			files = (
				1A040FF929A1308B00CF816C /* Alamofire in Frameworks */,
			);
			runOnlyForDeploymentPostprocessing = 0;
		};
/* End PBXFrameworksBuildPhase section */

/* Begin PBXGroup section */
		1A040FD729A1134400CF816C = {
			isa = PBXGroup;
			children = (
				1A040FE229A1134400CF816C /* Pleiades */,
				1A040FE129A1134400CF816C /* Products */,
				1ACE4B3229AC59CC00CB004E /* Frameworks */,
			);
			sourceTree = "<group>";
		};
		1A040FE129A1134400CF816C /* Products */ = {
			isa = PBXGroup;
			children = (
				1A040FE029A1134400CF816C /* Pleiades.app */,
			);
			name = Products;
			sourceTree = "<group>";
		};
		1A040FE229A1134400CF816C /* Pleiades */ = {
			isa = PBXGroup;
			children = (
				1AE12E0229AB00A90040E16C /* Views */,
				1A040FF229A113E800CF816C /* SubaruClient */,
				1A040FE329A1134400CF816C /* PleiadesApp.swift */,
				1A040FE529A1134400CF816C /* ContentView.swift */,
				1A040FE729A1134500CF816C /* Assets.xcassets */,
				1A040FE929A1134500CF816C /* Pleiades.entitlements */,
				1A040FEA29A1134500CF816C /* Preview Content */,
			);
			path = Pleiades;
			sourceTree = "<group>";
		};
		1A040FEA29A1134500CF816C /* Preview Content */ = {
			isa = PBXGroup;
			children = (
				1A040FEB29A1134500CF816C /* Preview Assets.xcassets */,
			);
			path = "Preview Content";
			sourceTree = "<group>";
		};
		1A040FF229A113E800CF816C /* SubaruClient */ = {
			isa = PBXGroup;
			children = (
				1A040FF329A1151200CF816C /* Constants.swift */,
				1A040FF529A11FD000CF816C /* Authentication.swift */,
				1ACE4B2C29AC283700CB004E /* Vehicles.swift */,
			);
			path = SubaruClient;
			sourceTree = "<group>";
		};
		1ACE4B3229AC59CC00CB004E /* Frameworks */ = {
			isa = PBXGroup;
			children = (
				1ACE4B3329AC59CC00CB004E /* MapKit.framework */,
			);
			name = Frameworks;
			sourceTree = "<group>";
		};
		1AE12E0229AB00A90040E16C /* Views */ = {
			isa = PBXGroup;
			children = (
				1AE12E0329AB046B0040E16C /* LoginView.swift */,
				1AE12E0529AB04B80040E16C /* RegionSelectView.swift */,
				1AE12E0729AB05140040E16C /* TopLevelErrorView.swift */,
				1AE12E0929ABC0EA0040E16C /* TwoFactorView.swift */,
				1ACE4B2E29AC457000CB004E /* VehicleListView.swift */,
				1ACE4B3029AC4D6F00CB004E /* VehicleDetailView.swift */,
			);
			path = Views;
			sourceTree = "<group>";
		};
/* End PBXGroup section */

/* Begin PBXNativeTarget section */
		1A040FDF29A1134400CF816C /* Pleiades */ = {
			isa = PBXNativeTarget;
			buildConfigurationList = 1A040FEF29A1134500CF816C /* Build configuration list for PBXNativeTarget "Pleiades" */;
			buildPhases = (
				1A040FDC29A1134400CF816C /* Sources */,
				1A040FDD29A1134400CF816C /* Frameworks */,
				1A040FDE29A1134400CF816C /* Resources */,
			);
			buildRules = (
			);
			dependencies = (
			);
			name = Pleiades;
			packageProductDependencies = (
				1A040FF829A1308B00CF816C /* Alamofire */,
			);
			productName = Pleiades;
			productReference = 1A040FE029A1134400CF816C /* Pleiades.app */;
			productType = "com.apple.product-type.application";
		};
/* End PBXNativeTarget section */

/* Begin PBXProject section */
		1A040FD829A1134400CF816C /* Project object */ = {
			isa = PBXProject;
			attributes = {
				BuildIndependentTargetsInParallel = 1;
				LastSwiftUpdateCheck = 1420;
				LastUpgradeCheck = 1420;
				TargetAttributes = {
					1A040FDF29A1134400CF816C = {
						CreatedOnToolsVersion = 14.2;
					};
				};
			};
			buildConfigurationList = 1A040FDB29A1134400CF816C /* Build configuration list for PBXProject "Pleiades" */;
			compatibilityVersion = "Xcode 14.0";
			developmentRegion = en;
			hasScannedForEncodings = 0;
			knownRegions = (
				en,
				Base,
			);
			mainGroup = 1A040FD729A1134400CF816C;
			packageReferences = (
				1A040FF729A1308B00CF816C /* XCRemoteSwiftPackageReference "Alamofire" */,
			);
			productRefGroup = 1A040FE129A1134400CF816C /* Products */;
			projectDirPath = "";
			projectRoot = "";
			targets = (
				1A040FDF29A1134400CF816C /* Pleiades */,
			);
		};
/* End PBXProject section */

/* Begin PBXResourcesBuildPhase section */
		1A040FDE29A1134400CF816C /* Resources */ = {
			isa = PBXResourcesBuildPhase;
			buildActionMask = 2147483647;
			files = (
				1A040FEC29A1134500CF816C /* Preview Assets.xcassets in Resources */,
				1A040FE829A1134500CF816C /* Assets.xcassets in Resources */,
			);
			runOnlyForDeploymentPostprocessing = 0;
		};
/* End PBXResourcesBuildPhase section */

/* Begin PBXSourcesBuildPhase section */
		1A040FDC29A1134400CF816C /* Sources */ = {
			isa = PBXSourcesBuildPhase;
			buildActionMask = 2147483647;
			files = (
				1AE12E0629AB04B80040E16C /* RegionSelectView.swift in Sources */,
				1A040FE629A1134400CF816C /* ContentView.swift in Sources */,
				1AE12E0A29ABC0EA0040E16C /* TwoFactorView.swift in Sources */,
				1ACE4B3129AC4D6F00CB004E /* VehicleDetailView.swift in Sources */,
				1A040FE429A1134400CF816C /* PleiadesApp.swift in Sources */,
				1A040FF429A1151200CF816C /* Constants.swift in Sources */,
				1ACE4B2F29AC457000CB004E /* VehicleListView.swift in Sources */,
				1AE12E0429AB046B0040E16C /* LoginView.swift in Sources */,
				1AE12E0829AB05140040E16C /* TopLevelErrorView.swift in Sources */,
				1A040FF629A11FD000CF816C /* Authentication.swift in Sources */,
				1ACE4B2D29AC283700CB004E /* Vehicles.swift in Sources */,
			);
			runOnlyForDeploymentPostprocessing = 0;
		};
/* End PBXSourcesBuildPhase section */

/* Begin XCBuildConfiguration section */
		1A040FED29A1134500CF816C /* Debug */ = {
			isa = XCBuildConfiguration;
			buildSettings = {
				ALWAYS_SEARCH_USER_PATHS = NO;
				CLANG_ANALYZER_NONNULL = YES;
				CLANG_ANALYZER_NUMBER_OBJECT_CONVERSION = YES_AGGRESSIVE;
				CLANG_CXX_LANGUAGE_STANDARD = "gnu++20";
				CLANG_ENABLE_MODULES = YES;
				CLANG_ENABLE_OBJC_ARC = YES;
				CLANG_ENABLE_OBJC_WEAK = YES;
				CLANG_WARN_BLOCK_CAPTURE_AUTORELEASING = YES;
				CLANG_WARN_BOOL_CONVERSION = YES;
				CLANG_WARN_COMMA = YES;
				CLANG_WARN_CONSTANT_CONVERSION = YES;
				CLANG_WARN_DEPRECATED_OBJC_IMPLEMENTATIONS = YES;
				CLANG_WARN_DIRECT_OBJC_ISA_USAGE = YES_ERROR;
				CLANG_WARN_DOCUMENTATION_COMMENTS = YES;
				CLANG_WARN_EMPTY_BODY = YES;
				CLANG_WARN_ENUM_CONVERSION = YES;
				CLANG_WARN_INFINITE_RECURSION = YES;
				CLANG_WARN_INT_CONVERSION = YES;
				CLANG_WARN_NON_LITERAL_NULL_CONVERSION = YES;
				CLANG_WARN_OBJC_IMPLICIT_RETAIN_SELF = YES;
				CLANG_WARN_OBJC_LITERAL_CONVERSION = YES;
				CLANG_WARN_OBJC_ROOT_CLASS = YES_ERROR;
				CLANG_WARN_QUOTED_INCLUDE_IN_FRAMEWORK_HEADER = YES;
				CLANG_WARN_RANGE_LOOP_ANALYSIS = YES;
				CLANG_WARN_STRICT_PROTOTYPES = YES;
				CLANG_WARN_SUSPICIOUS_MOVE = YES;
				CLANG_WARN_UNGUARDED_AVAILABILITY = YES_AGGRESSIVE;
				CLANG_WARN_UNREACHABLE_CODE = YES;
				CLANG_WARN__DUPLICATE_METHOD_MATCH = YES;
				COPY_PHASE_STRIP = NO;
				DEBUG_INFORMATION_FORMAT = dwarf;
				ENABLE_STRICT_OBJC_MSGSEND = YES;
				ENABLE_TESTABILITY = YES;
				GCC_C_LANGUAGE_STANDARD = gnu11;
				GCC_DYNAMIC_NO_PIC = NO;
				GCC_NO_COMMON_BLOCKS = YES;
				GCC_OPTIMIZATION_LEVEL = 0;
				GCC_PREPROCESSOR_DEFINITIONS = (
					"DEBUG=1",
					"$(inherited)",
				);
				GCC_WARN_64_TO_32_BIT_CONVERSION = YES;
				GCC_WARN_ABOUT_RETURN_TYPE = YES_ERROR;
				GCC_WARN_UNDECLARED_SELECTOR = YES;
				GCC_WARN_UNINITIALIZED_AUTOS = YES_AGGRESSIVE;
				GCC_WARN_UNUSED_FUNCTION = YES;
				GCC_WARN_UNUSED_VARIABLE = YES;
				MTL_ENABLE_DEBUG_INFO = INCLUDE_SOURCE;
				MTL_FAST_MATH = YES;
				ONLY_ACTIVE_ARCH = YES;
				SWIFT_ACTIVE_COMPILATION_CONDITIONS = DEBUG;
				SWIFT_OPTIMIZATION_LEVEL = "-Onone";
			};
			name = Debug;
		};
		1A040FEE29A1134500CF816C /* Release */ = {
			isa = XCBuildConfiguration;
			buildSettings = {
				ALWAYS_SEARCH_USER_PATHS = NO;
				CLANG_ANALYZER_NONNULL = YES;
				CLANG_ANALYZER_NUMBER_OBJECT_CONVERSION = YES_AGGRESSIVE;
				CLANG_CXX_LANGUAGE_STANDARD = "gnu++20";
				CLANG_ENABLE_MODULES = YES;
				CLANG_ENABLE_OBJC_ARC = YES;
				CLANG_ENABLE_OBJC_WEAK = YES;
				CLANG_WARN_BLOCK_CAPTURE_AUTORELEASING = YES;
				CLANG_WARN_BOOL_CONVERSION = YES;
				CLANG_WARN_COMMA = YES;
				CLANG_WARN_CONSTANT_CONVERSION = YES;
				CLANG_WARN_DEPRECATED_OBJC_IMPLEMENTATIONS = YES;
				CLANG_WARN_DIRECT_OBJC_ISA_USAGE = YES_ERROR;
				CLANG_WARN_DOCUMENTATION_COMMENTS = YES;
				CLANG_WARN_EMPTY_BODY = YES;
				CLANG_WARN_ENUM_CONVERSION = YES;
				CLANG_WARN_INFINITE_RECURSION = YES;
				CLANG_WARN_INT_CONVERSION = YES;
				CLANG_WARN_NON_LITERAL_NULL_CONVERSION = YES;
				CLANG_WARN_OBJC_IMPLICIT_RETAIN_SELF = YES;
				CLANG_WARN_OBJC_LITERAL_CONVERSION = YES;
				CLANG_WARN_OBJC_ROOT_CLASS = YES_ERROR;
				CLANG_WARN_QUOTED_INCLUDE_IN_FRAMEWORK_HEADER = YES;
				CLANG_WARN_RANGE_LOOP_ANALYSIS = YES;
				CLANG_WARN_STRICT_PROTOTYPES = YES;
				CLANG_WARN_SUSPICIOUS_MOVE = YES;
				CLANG_WARN_UNGUARDED_AVAILABILITY = YES_AGGRESSIVE;
				CLANG_WARN_UNREACHABLE_CODE = YES;
				CLANG_WARN__DUPLICATE_METHOD_MATCH = YES;
				COPY_PHASE_STRIP = NO;
				DEBUG_INFORMATION_FORMAT = "dwarf-with-dsym";
				ENABLE_NS_ASSERTIONS = NO;
				ENABLE_STRICT_OBJC_MSGSEND = YES;
				GCC_C_LANGUAGE_STANDARD = gnu11;
				GCC_NO_COMMON_BLOCKS = YES;
				GCC_WARN_64_TO_32_BIT_CONVERSION = YES;
				GCC_WARN_ABOUT_RETURN_TYPE = YES_ERROR;
				GCC_WARN_UNDECLARED_SELECTOR = YES;
				GCC_WARN_UNINITIALIZED_AUTOS = YES_AGGRESSIVE;
				GCC_WARN_UNUSED_FUNCTION = YES;
				GCC_WARN_UNUSED_VARIABLE = YES;
				MTL_ENABLE_DEBUG_INFO = NO;
				MTL_FAST_MATH = YES;
				SWIFT_COMPILATION_MODE = wholemodule;
				SWIFT_OPTIMIZATION_LEVEL = "-O";
			};
			name = Release;
		};
		1A040FF029A1134500CF816C /* Debug */ = {
			isa = XCBuildConfiguration;
			buildSettings = {
				ASSETCATALOG_COMPILER_APPICON_NAME = AppIcon;
				ASSETCATALOG_COMPILER_GLOBAL_ACCENT_COLOR_NAME = AccentColor;
				CODE_SIGN_ENTITLEMENTS = Pleiades/Pleiades.entitlements;
				CODE_SIGN_STYLE = Automatic;
				CURRENT_PROJECT_VERSION = 1;
				DEVELOPMENT_ASSET_PATHS = "\"Pleiades/Preview Content\"";
				DEVELOPMENT_TEAM = TYVR9GGSKN;
				ENABLE_HARDENED_RUNTIME = YES;
				ENABLE_PREVIEWS = YES;
				GENERATE_INFOPLIST_FILE = YES;
				INFOPLIST_FILE = Pleiades/Info.plist;
				INFOPLIST_KEY_CFBundleDisplayName = Pleiades;
				INFOPLIST_KEY_LSApplicationCategoryType = "public.app-category.travel";
				"INFOPLIST_KEY_UIApplicationSceneManifest_Generation[sdk=iphoneos*]" = YES;
				"INFOPLIST_KEY_UIApplicationSceneManifest_Generation[sdk=iphonesimulator*]" = YES;
				"INFOPLIST_KEY_UIApplicationSupportsIndirectInputEvents[sdk=iphoneos*]" = YES;
				"INFOPLIST_KEY_UIApplicationSupportsIndirectInputEvents[sdk=iphonesimulator*]" = YES;
				"INFOPLIST_KEY_UILaunchScreen_Generation[sdk=iphoneos*]" = YES;
				"INFOPLIST_KEY_UILaunchScreen_Generation[sdk=iphonesimulator*]" = YES;
				"INFOPLIST_KEY_UIStatusBarStyle[sdk=iphoneos*]" = UIStatusBarStyleDefault;
				"INFOPLIST_KEY_UIStatusBarStyle[sdk=iphonesimulator*]" = UIStatusBarStyleDefault;
				INFOPLIST_KEY_UISupportedInterfaceOrientations_iPad = "UIInterfaceOrientationPortrait UIInterfaceOrientationPortraitUpsideDown UIInterfaceOrientationLandscapeLeft UIInterfaceOrientationLandscapeRight";
				INFOPLIST_KEY_UISupportedInterfaceOrientations_iPhone = "UIInterfaceOrientationPortrait UIInterfaceOrientationLandscapeLeft UIInterfaceOrientationLandscapeRight";
				IPHONEOS_DEPLOYMENT_TARGET = 16.0;
				LD_RUNPATH_SEARCH_PATHS = "@executable_path/Frameworks";
				"LD_RUNPATH_SEARCH_PATHS[sdk=macosx*]" = "@executable_path/../Frameworks";
				MACOSX_DEPLOYMENT_TARGET = 13.1;
				MARKETING_VERSION = 1.0;
				PRODUCT_BUNDLE_IDENTIFIER = com.sjodle.Pleiades;
				PRODUCT_NAME = "$(TARGET_NAME)";
				SDKROOT = auto;
				SUPPORTED_PLATFORMS = "iphoneos iphonesimulator";
				SUPPORTS_MACCATALYST = NO;
				SUPPORTS_MAC_DESIGNED_FOR_IPHONE_IPAD = NO;
				SWIFT_EMIT_LOC_STRINGS = YES;
				SWIFT_VERSION = 5.0;
				TARGETED_DEVICE_FAMILY = "1,2";
			};
			name = Debug;
		};
		1A040FF129A1134500CF816C /* Release */ = {
			isa = XCBuildConfiguration;
			buildSettings = {
				ASSETCATALOG_COMPILER_APPICON_NAME = AppIcon;
				ASSETCATALOG_COMPILER_GLOBAL_ACCENT_COLOR_NAME = AccentColor;
				CODE_SIGN_ENTITLEMENTS = Pleiades/Pleiades.entitlements;
				CODE_SIGN_STYLE = Automatic;
				CURRENT_PROJECT_VERSION = 1;
				DEVELOPMENT_ASSET_PATHS = "\"Pleiades/Preview Content\"";
				DEVELOPMENT_TEAM = TYVR9GGSKN;
				ENABLE_HARDENED_RUNTIME = YES;
				ENABLE_PREVIEWS = YES;
				GENERATE_INFOPLIST_FILE = YES;
				INFOPLIST_FILE = Pleiades/Info.plist;
				INFOPLIST_KEY_CFBundleDisplayName = Pleiades;
				INFOPLIST_KEY_LSApplicationCategoryType = "public.app-category.travel";
				"INFOPLIST_KEY_UIApplicationSceneManifest_Generation[sdk=iphoneos*]" = YES;
				"INFOPLIST_KEY_UIApplicationSceneManifest_Generation[sdk=iphonesimulator*]" = YES;
				"INFOPLIST_KEY_UIApplicationSupportsIndirectInputEvents[sdk=iphoneos*]" = YES;
				"INFOPLIST_KEY_UIApplicationSupportsIndirectInputEvents[sdk=iphonesimulator*]" = YES;
				"INFOPLIST_KEY_UILaunchScreen_Generation[sdk=iphoneos*]" = YES;
				"INFOPLIST_KEY_UILaunchScreen_Generation[sdk=iphonesimulator*]" = YES;
				"INFOPLIST_KEY_UIStatusBarStyle[sdk=iphoneos*]" = UIStatusBarStyleDefault;
				"INFOPLIST_KEY_UIStatusBarStyle[sdk=iphonesimulator*]" = UIStatusBarStyleDefault;
				INFOPLIST_KEY_UISupportedInterfaceOrientations_iPad = "UIInterfaceOrientationPortrait UIInterfaceOrientationPortraitUpsideDown UIInterfaceOrientationLandscapeLeft UIInterfaceOrientationLandscapeRight";
				INFOPLIST_KEY_UISupportedInterfaceOrientations_iPhone = "UIInterfaceOrientationPortrait UIInterfaceOrientationLandscapeLeft UIInterfaceOrientationLandscapeRight";
				IPHONEOS_DEPLOYMENT_TARGET = 16.0;
				LD_RUNPATH_SEARCH_PATHS = "@executable_path/Frameworks";
				"LD_RUNPATH_SEARCH_PATHS[sdk=macosx*]" = "@executable_path/../Frameworks";
				MACOSX_DEPLOYMENT_TARGET = 13.1;
				MARKETING_VERSION = 1.0;
				PRODUCT_BUNDLE_IDENTIFIER = com.sjodle.Pleiades;
				PRODUCT_NAME = "$(TARGET_NAME)";
				SDKROOT = auto;
				SUPPORTED_PLATFORMS = "iphoneos iphonesimulator";
				SUPPORTS_MACCATALYST = NO;
				SUPPORTS_MAC_DESIGNED_FOR_IPHONE_IPAD = NO;
				SWIFT_EMIT_LOC_STRINGS = YES;
				SWIFT_VERSION = 5.0;
				TARGETED_DEVICE_FAMILY = "1,2";
			};
			name = Release;
		};
/* End XCBuildConfiguration section */

/* Begin XCConfigurationList section */
		1A040FDB29A1134400CF816C /* Build configuration list for PBXProject "Pleiades" */ = {
			isa = XCConfigurationList;
			buildConfigurations = (
				1A040FED29A1134500CF816C /* Debug */,
				1A040FEE29A1134500CF816C /* Release */,
			);
			defaultConfigurationIsVisible = 0;
			defaultConfigurationName = Release;
		};
		1A040FEF29A1134500CF816C /* Build configuration list for PBXNativeTarget "Pleiades" */ = {
			isa = XCConfigurationList;
			buildConfigurations = (
				1A040FF029A1134500CF816C /* Debug */,
				1A040FF129A1134500CF816C /* Release */,
			);
			defaultConfigurationIsVisible = 0;
			defaultConfigurationName = Release;
		};
/* End XCConfigurationList section */

/* Begin XCRemoteSwiftPackageReference section */
		1A040FF729A1308B00CF816C /* XCRemoteSwiftPackageReference "Alamofire" */ = {
			isa = XCRemoteSwiftPackageReference;
			repositoryURL = "https://github.com/Alamofire/Alamofire.git";
			requirement = {
				kind = upToNextMajorVersion;
				minimumVersion = 5.0.0;
			};
		};
/* End XCRemoteSwiftPackageReference section */

/* Begin XCSwiftPackageProductDependency section */
		1A040FF829A1308B00CF816C /* Alamofire */ = {
			isa = XCSwiftPackageProductDependency;
			package = 1A040FF729A1308B00CF816C /* XCRemoteSwiftPackageReference "Alamofire" */;
			productName = Alamofire;
		};
/* End XCSwiftPackageProductDependency section */
	};
	rootObject = 1A040FD829A1134400CF816C /* Project object */;
}
